// !$*UTF8*$!
{
	archiveVersion = 1;
	classes = {
	};
	objectVersion = 51;
	objects = {

/* Begin PBXBuildFile section */
		6542D515DBF864BA2D344C96 /* Pods_Ippitsu.framework in Frameworks */ = {isa = PBXBuildFile; fileRef = FF73B157121FF27FDAF9BAE1 /* Pods_Ippitsu.framework */; };
		C6081BF8267F39D200E50328 /* infoPlist.strings in Resources */ = {isa = PBXBuildFile; fileRef = C6081BFA267F39D200E50328 /* infoPlist.strings */; };
		C646AB422663908F0012FDDD /* PreviewViewController.swift in Sources */ = {isa = PBXBuildFile; fileRef = C646AB412663908F0012FDDD /* PreviewViewController.swift */; };
		C68033062667549700A19513 /* TextAnimation.swift in Sources */ = {isa = PBXBuildFile; fileRef = C68033052667549700A19513 /* TextAnimation.swift */; };
		C686B1A92669124900B6A9F9 /* LaunchScreen.storyboard in Resources */ = {isa = PBXBuildFile; fileRef = C686B1A72669124900B6A9F9 /* LaunchScreen.storyboard */; };
		C6A56C8526607496004A4C72 /* AppDelegate.swift in Sources */ = {isa = PBXBuildFile; fileRef = C6A56C8426607496004A4C72 /* AppDelegate.swift */; };
		C6A56C8726607496004A4C72 /* SceneDelegate.swift in Sources */ = {isa = PBXBuildFile; fileRef = C6A56C8626607496004A4C72 /* SceneDelegate.swift */; };
		C6A56C8926607496004A4C72 /* ViewController.swift in Sources */ = {isa = PBXBuildFile; fileRef = C6A56C8826607496004A4C72 /* ViewController.swift */; };
		C6A56C8C26607496004A4C72 /* Main.storyboard in Resources */ = {isa = PBXBuildFile; fileRef = C6A56C8A26607496004A4C72 /* Main.storyboard */; };
		C6A56C8E26607497004A4C72 /* Assets.xcassets in Resources */ = {isa = PBXBuildFile; fileRef = C6A56C8D26607497004A4C72 /* Assets.xcassets */; };
		C6C1B27B267F637B00BE20AB /* Localizable.strings in Resources */ = {isa = PBXBuildFile; fileRef = C6C1B27D267F637B00BE20AB /* Localizable.strings */; };
		C6CFF56C2670F4E90065C9A9 /* RecordingViewAnimation.swift in Sources */ = {isa = PBXBuildFile; fileRef = C6CFF56B2670F4E90065C9A9 /* RecordingViewAnimation.swift */; };
/* End PBXBuildFile section */

/* Begin PBXFileReference section */
		42C1AA7310F901246B7A2DBB /* Pods-Ippitsu.release.xcconfig */ = {isa = PBXFileReference; includeInIndex = 1; lastKnownFileType = text.xcconfig; name = "Pods-Ippitsu.release.xcconfig"; path = "Target Support Files/Pods-Ippitsu/Pods-Ippitsu.release.xcconfig"; sourceTree = "<group>"; };
		C6081BF9267F39D200E50328 /* ja */ = {isa = PBXFileReference; lastKnownFileType = text.plist.strings; name = ja; path = ja.lproj/infoPlist.strings; sourceTree = "<group>"; };
		C6081C02267F545400E50328 /* ja */ = {isa = PBXFileReference; lastKnownFileType = text.plist.strings; name = ja; path = ja.lproj/Main.strings; sourceTree = "<group>"; };
		C646AB412663908F0012FDDD /* PreviewViewController.swift */ = {isa = PBXFileReference; lastKnownFileType = sourcecode.swift; path = PreviewViewController.swift; sourceTree = "<group>"; };
		C68033052667549700A19513 /* TextAnimation.swift */ = {isa = PBXFileReference; lastKnownFileType = sourcecode.swift; path = TextAnimation.swift; sourceTree = "<group>"; };
		C686B1A82669124900B6A9F9 /* Base */ = {isa = PBXFileReference; lastKnownFileType = file.storyboard; name = Base; path = Base.lproj/LaunchScreen.storyboard; sourceTree = "<group>"; };
		C6A56C8126607496004A4C72 /* Ippitsu.app */ = {isa = PBXFileReference; explicitFileType = wrapper.application; includeInIndex = 0; path = Ippitsu.app; sourceTree = BUILT_PRODUCTS_DIR; };
		C6A56C8426607496004A4C72 /* AppDelegate.swift */ = {isa = PBXFileReference; lastKnownFileType = sourcecode.swift; path = AppDelegate.swift; sourceTree = "<group>"; };
		C6A56C8626607496004A4C72 /* SceneDelegate.swift */ = {isa = PBXFileReference; lastKnownFileType = sourcecode.swift; path = SceneDelegate.swift; sourceTree = "<group>"; };
		C6A56C8826607496004A4C72 /* ViewController.swift */ = {isa = PBXFileReference; lastKnownFileType = sourcecode.swift; path = ViewController.swift; sourceTree = "<group>"; };
		C6A56C8B26607496004A4C72 /* Base */ = {isa = PBXFileReference; lastKnownFileType = file.storyboard; name = Base; path = Base.lproj/Main.storyboard; sourceTree = "<group>"; };
		C6A56C8D26607497004A4C72 /* Assets.xcassets */ = {isa = PBXFileReference; lastKnownFileType = folder.assetcatalog; path = Assets.xcassets; sourceTree = "<group>"; };
		C6A56C9226607497004A4C72 /* Info.plist */ = {isa = PBXFileReference; lastKnownFileType = text.plist.xml; path = Info.plist; sourceTree = "<group>"; };
		C6C1B27C267F637B00BE20AB /* ja */ = {isa = PBXFileReference; lastKnownFileType = text.plist.strings; name = ja; path = ja.lproj/Localizable.strings; sourceTree = "<group>"; };
		C6CFF56B2670F4E90065C9A9 /* RecordingViewAnimation.swift */ = {isa = PBXFileReference; lastKnownFileType = sourcecode.swift; path = RecordingViewAnimation.swift; sourceTree = "<group>"; };
		C9760DE28965A23CF591AAAF /* Pods-Ippitsu.debug.xcconfig */ = {isa = PBXFileReference; includeInIndex = 1; lastKnownFileType = text.xcconfig; name = "Pods-Ippitsu.debug.xcconfig"; path = "Target Support Files/Pods-Ippitsu/Pods-Ippitsu.debug.xcconfig"; sourceTree = "<group>"; };
		FF73B157121FF27FDAF9BAE1 /* Pods_Ippitsu.framework */ = {isa = PBXFileReference; explicitFileType = wrapper.framework; includeInIndex = 0; path = Pods_Ippitsu.framework; sourceTree = BUILT_PRODUCTS_DIR; };
/* End PBXFileReference section */

/* Begin PBXFrameworksBuildPhase section */
		C6A56C7E26607496004A4C72 /* Frameworks */ = {
			isa = PBXFrameworksBuildPhase;
			buildActionMask = 2147483647;
			files = (
				6542D515DBF864BA2D344C96 /* Pods_Ippitsu.framework in Frameworks */,
			);
			runOnlyForDeploymentPostprocessing = 0;
		};
/* End PBXFrameworksBuildPhase section */

/* Begin PBXGroup section */
		BE9962114DB4FA816819973C /* Frameworks */ = {
			isa = PBXGroup;
			children = (
				FF73B157121FF27FDAF9BAE1 /* Pods_Ippitsu.framework */,
			);
			name = Frameworks;
			sourceTree = "<group>";
		};
		C6A56C7826607496004A4C72 = {
			isa = PBXGroup;
			children = (
				C6A56C8326607496004A4C72 /* Ippitsu */,
				C6A56C8226607496004A4C72 /* Products */,
				E47A7DAF82ADB4CC57BA5817 /* Pods */,
				BE9962114DB4FA816819973C /* Frameworks */,
			);
			sourceTree = "<group>";
		};
		C6A56C8226607496004A4C72 /* Products */ = {
			isa = PBXGroup;
			children = (
				C6A56C8126607496004A4C72 /* Ippitsu.app */,
			);
			name = Products;
			sourceTree = "<group>";
		};
		C6A56C8326607496004A4C72 /* Ippitsu */ = {
			isa = PBXGroup;
			children = (
				C6081BFA267F39D200E50328 /* infoPlist.strings */,
				C6A56C8426607496004A4C72 /* AppDelegate.swift */,
				C6A56C8626607496004A4C72 /* SceneDelegate.swift */,
				C6A56C8826607496004A4C72 /* ViewController.swift */,
				C6C1B27D267F637B00BE20AB /* Localizable.strings */,
				C6A56C8A26607496004A4C72 /* Main.storyboard */,
				C6A56C8D26607497004A4C72 /* Assets.xcassets */,
				C6A56C9226607497004A4C72 /* Info.plist */,
				C646AB412663908F0012FDDD /* PreviewViewController.swift */,
				C686B1A72669124900B6A9F9 /* LaunchScreen.storyboard */,
				C68033052667549700A19513 /* TextAnimation.swift */,
				C6CFF56B2670F4E90065C9A9 /* RecordingViewAnimation.swift */,
			);
			path = Ippitsu;
			sourceTree = "<group>";
		};
		E47A7DAF82ADB4CC57BA5817 /* Pods */ = {
			isa = PBXGroup;
			children = (
				C9760DE28965A23CF591AAAF /* Pods-Ippitsu.debug.xcconfig */,
				42C1AA7310F901246B7A2DBB /* Pods-Ippitsu.release.xcconfig */,
			);
			path = Pods;
			sourceTree = "<group>";
		};
/* End PBXGroup section */

/* Begin PBXNativeTarget section */
		C6A56C8026607496004A4C72 /* Ippitsu */ = {
			isa = PBXNativeTarget;
			buildConfigurationList = C6A56C9526607497004A4C72 /* Build configuration list for PBXNativeTarget "Ippitsu" */;
			buildPhases = (
				34AFE2341D4F0B422650B4ED /* [CP] Check Pods Manifest.lock */,
				C6A56C7D26607496004A4C72 /* Sources */,
				C6A56C7E26607496004A4C72 /* Frameworks */,
				C6A56C7F26607496004A4C72 /* Resources */,
				3B186E3B762E755B2E06D143 /* [CP] Embed Pods Frameworks */,
			);
			buildRules = (
			);
			dependencies = (
			);
			name = Ippitsu;
			productName = Ippitsu;
			productReference = C6A56C8126607496004A4C72 /* Ippitsu.app */;
			productType = "com.apple.product-type.application";
		};
/* End PBXNativeTarget section */

/* Begin PBXProject section */
		C6A56C7926607496004A4C72 /* Project object */ = {
			isa = PBXProject;
			attributes = {
				LastSwiftUpdateCheck = 1220;
				LastUpgradeCheck = 1220;
				TargetAttributes = {
					C6A56C8026607496004A4C72 = {
						CreatedOnToolsVersion = 12.2;
					};
				};
			};
			buildConfigurationList = C6A56C7C26607496004A4C72 /* Build configuration list for PBXProject "Ippitsu" */;
			compatibilityVersion = "Xcode 9.3";
			developmentRegion = en;
			hasScannedForEncodings = 0;
			knownRegions = (
				en,
				Base,
				ja,
			);
			mainGroup = C6A56C7826607496004A4C72;
			productRefGroup = C6A56C8226607496004A4C72 /* Products */;
			projectDirPath = "";
			projectRoot = "";
			targets = (
				C6A56C8026607496004A4C72 /* Ippitsu */,
			);
		};
/* End PBXProject section */

/* Begin PBXResourcesBuildPhase section */
		C6A56C7F26607496004A4C72 /* Resources */ = {
			isa = PBXResourcesBuildPhase;
			buildActionMask = 2147483647;
			files = (
				C6C1B27B267F637B00BE20AB /* Localizable.strings in Resources */,
				C686B1A92669124900B6A9F9 /* LaunchScreen.storyboard in Resources */,
				C6081BF8267F39D200E50328 /* infoPlist.strings in Resources */,
				C6A56C8E26607497004A4C72 /* Assets.xcassets in Resources */,
				C6A56C8C26607496004A4C72 /* Main.storyboard in Resources */,
			);
			runOnlyForDeploymentPostprocessing = 0;
		};
/* End PBXResourcesBuildPhase section */

/* Begin PBXShellScriptBuildPhase section */
		34AFE2341D4F0B422650B4ED /* [CP] Check Pods Manifest.lock */ = {
			isa = PBXShellScriptBuildPhase;
			buildActionMask = 2147483647;
			files = (
			);
			inputFileListPaths = (
			);
			inputPaths = (
				"${PODS_PODFILE_DIR_PATH}/Podfile.lock",
				"${PODS_ROOT}/Manifest.lock",
			);
			name = "[CP] Check Pods Manifest.lock";
			outputFileListPaths = (
			);
			outputPaths = (
				"$(DERIVED_FILE_DIR)/Pods-Ippitsu-checkManifestLockResult.txt",
			);
			runOnlyForDeploymentPostprocessing = 0;
			shellPath = /bin/sh;
			shellScript = "diff \"${PODS_PODFILE_DIR_PATH}/Podfile.lock\" \"${PODS_ROOT}/Manifest.lock\" > /dev/null\nif [ $? != 0 ] ; then\n    # print error to STDERR\n    echo \"error: The sandbox is not in sync with the Podfile.lock. Run 'pod install' or update your CocoaPods installation.\" >&2\n    exit 1\nfi\n# This output is used by Xcode 'outputs' to avoid re-running this script phase.\necho \"SUCCESS\" > \"${SCRIPT_OUTPUT_FILE_0}\"\n";
			showEnvVarsInLog = 0;
		};
		3B186E3B762E755B2E06D143 /* [CP] Embed Pods Frameworks */ = {
			isa = PBXShellScriptBuildPhase;
			buildActionMask = 2147483647;
			files = (
			);
			inputFileListPaths = (
				"${PODS_ROOT}/Target Support Files/Pods-Ippitsu/Pods-Ippitsu-frameworks-${CONFIGURATION}-input-files.xcfilelist",
			);
			name = "[CP] Embed Pods Frameworks";
			outputFileListPaths = (
				"${PODS_ROOT}/Target Support Files/Pods-Ippitsu/Pods-Ippitsu-frameworks-${CONFIGURATION}-output-files.xcfilelist",
			);
			runOnlyForDeploymentPostprocessing = 0;
			shellPath = /bin/sh;
			shellScript = "\"${PODS_ROOT}/Target Support Files/Pods-Ippitsu/Pods-Ippitsu-frameworks.sh\"\n";
			showEnvVarsInLog = 0;
		};
/* End PBXShellScriptBuildPhase section */

/* Begin PBXSourcesBuildPhase section */
		C6A56C7D26607496004A4C72 /* Sources */ = {
			isa = PBXSourcesBuildPhase;
			buildActionMask = 2147483647;
			files = (
				C6A56C8926607496004A4C72 /* ViewController.swift in Sources */,
				C6CFF56C2670F4E90065C9A9 /* RecordingViewAnimation.swift in Sources */,
				C6A56C8526607496004A4C72 /* AppDelegate.swift in Sources */,
				C6A56C8726607496004A4C72 /* SceneDelegate.swift in Sources */,
				C68033062667549700A19513 /* TextAnimation.swift in Sources */,
				C646AB422663908F0012FDDD /* PreviewViewController.swift in Sources */,
			);
			runOnlyForDeploymentPostprocessing = 0;
		};
/* End PBXSourcesBuildPhase section */

/* Begin PBXVariantGroup section */
		C6081BFA267F39D200E50328 /* infoPlist.strings */ = {
			isa = PBXVariantGroup;
			children = (
				C6081BF9267F39D200E50328 /* ja */,
			);
			name = infoPlist.strings;
			sourceTree = "<group>";
		};
		C686B1A72669124900B6A9F9 /* LaunchScreen.storyboard */ = {
			isa = PBXVariantGroup;
			children = (
				C686B1A82669124900B6A9F9 /* Base */,
			);
			name = LaunchScreen.storyboard;
			sourceTree = "<group>";
		};
		C6A56C8A26607496004A4C72 /* Main.storyboard */ = {
			isa = PBXVariantGroup;
			children = (
				C6A56C8B26607496004A4C72 /* Base */,
				C6081C02267F545400E50328 /* ja */,
			);
			name = Main.storyboard;
			sourceTree = "<group>";
		};
		C6C1B27D267F637B00BE20AB /* Localizable.strings */ = {
			isa = PBXVariantGroup;
			children = (
				C6C1B27C267F637B00BE20AB /* ja */,
			);
			name = Localizable.strings;
			sourceTree = "<group>";
		};
/* End PBXVariantGroup section */

/* Begin XCBuildConfiguration section */
		C6A56C9326607497004A4C72 /* Debug */ = {
			isa = XCBuildConfiguration;
			buildSettings = {
				ALWAYS_SEARCH_USER_PATHS = NO;
				CLANG_ANALYZER_LOCALIZABILITY_NONLOCALIZED = YES;
				CLANG_ANALYZER_NONNULL = YES;
				CLANG_ANALYZER_NUMBER_OBJECT_CONVERSION = YES_AGGRESSIVE;
				CLANG_CXX_LANGUAGE_STANDARD = "gnu++14";
				CLANG_CXX_LIBRARY = "libc++";
				CLANG_ENABLE_MODULES = YES;
				CLANG_ENABLE_OBJC_ARC = YES;
				CLANG_ENABLE_OBJC_WEAK = YES;
				CLANG_WARN_BLOCK_CAPTURE_AUTORELEASING = YES;
				CLANG_WARN_BOOL_CONVERSION = YES;
				CLANG_WARN_COMMA = YES;
				CLANG_WARN_CONSTANT_CONVERSION = YES;
				CLANG_WARN_DEPRECATED_OBJC_IMPLEMENTATIONS = YES;
				CLANG_WARN_DIRECT_OBJC_ISA_USAGE = YES_ERROR;
				CLANG_WARN_DOCUMENTATION_COMMENTS = YES;
				CLANG_WARN_EMPTY_BODY = YES;
				CLANG_WARN_ENUM_CONVERSION = YES;
				CLANG_WARN_INFINITE_RECURSION = YES;
				CLANG_WARN_INT_CONVERSION = YES;
				CLANG_WARN_NON_LITERAL_NULL_CONVERSION = YES;
				CLANG_WARN_OBJC_IMPLICIT_RETAIN_SELF = YES;
				CLANG_WARN_OBJC_LITERAL_CONVERSION = YES;
				CLANG_WARN_OBJC_ROOT_CLASS = YES_ERROR;
				CLANG_WARN_QUOTED_INCLUDE_IN_FRAMEWORK_HEADER = YES;
				CLANG_WARN_RANGE_LOOP_ANALYSIS = YES;
				CLANG_WARN_STRICT_PROTOTYPES = YES;
				CLANG_WARN_SUSPICIOUS_MOVE = YES;
				CLANG_WARN_UNGUARDED_AVAILABILITY = YES_AGGRESSIVE;
				CLANG_WARN_UNREACHABLE_CODE = YES;
				CLANG_WARN__DUPLICATE_METHOD_MATCH = YES;
				COPY_PHASE_STRIP = NO;
				DEBUG_INFORMATION_FORMAT = dwarf;
				ENABLE_STRICT_OBJC_MSGSEND = YES;
				ENABLE_TESTABILITY = YES;
				GCC_C_LANGUAGE_STANDARD = gnu11;
				GCC_DYNAMIC_NO_PIC = NO;
				GCC_NO_COMMON_BLOCKS = YES;
				GCC_OPTIMIZATION_LEVEL = 0;
				GCC_PREPROCESSOR_DEFINITIONS = (
					"DEBUG=1",
					"$(inherited)",
				);
				GCC_WARN_64_TO_32_BIT_CONVERSION = YES;
				GCC_WARN_ABOUT_RETURN_TYPE = YES_ERROR;
				GCC_WARN_UNDECLARED_SELECTOR = YES;
				GCC_WARN_UNINITIALIZED_AUTOS = YES_AGGRESSIVE;
				GCC_WARN_UNUSED_FUNCTION = YES;
				GCC_WARN_UNUSED_VARIABLE = YES;
				IPHONEOS_DEPLOYMENT_TARGET = 13.0;
				MTL_ENABLE_DEBUG_INFO = INCLUDE_SOURCE;
				MTL_FAST_MATH = YES;
				ONLY_ACTIVE_ARCH = YES;
				SDKROOT = iphoneos;
				SWIFT_ACTIVE_COMPILATION_CONDITIONS = DEBUG;
				SWIFT_OPTIMIZATION_LEVEL = "-Onone";
			};
			name = Debug;
		};
		C6A56C9426607497004A4C72 /* Release */ = {
			isa = XCBuildConfiguration;
			buildSettings = {
				ALWAYS_SEARCH_USER_PATHS = NO;
				CLANG_ANALYZER_LOCALIZABILITY_NONLOCALIZED = YES;
				CLANG_ANALYZER_NONNULL = YES;
				CLANG_ANALYZER_NUMBER_OBJECT_CONVERSION = YES_AGGRESSIVE;
				CLANG_CXX_LANGUAGE_STANDARD = "gnu++14";
				CLANG_CXX_LIBRARY = "libc++";
				CLANG_ENABLE_MODULES = YES;
				CLANG_ENABLE_OBJC_ARC = YES;
				CLANG_ENABLE_OBJC_WEAK = YES;
				CLANG_WARN_BLOCK_CAPTURE_AUTORELEASING = YES;
				CLANG_WARN_BOOL_CONVERSION = YES;
				CLANG_WARN_COMMA = YES;
				CLANG_WARN_CONSTANT_CONVERSION = YES;
				CLANG_WARN_DEPRECATED_OBJC_IMPLEMENTATIONS = YES;
				CLANG_WARN_DIRECT_OBJC_ISA_USAGE = YES_ERROR;
				CLANG_WARN_DOCUMENTATION_COMMENTS = YES;
				CLANG_WARN_EMPTY_BODY = YES;
				CLANG_WARN_ENUM_CONVERSION = YES;
				CLANG_WARN_INFINITE_RECURSION = YES;
				CLANG_WARN_INT_CONVERSION = YES;
				CLANG_WARN_NON_LITERAL_NULL_CONVERSION = YES;
				CLANG_WARN_OBJC_IMPLICIT_RETAIN_SELF = YES;
				CLANG_WARN_OBJC_LITERAL_CONVERSION = YES;
				CLANG_WARN_OBJC_ROOT_CLASS = YES_ERROR;
				CLANG_WARN_QUOTED_INCLUDE_IN_FRAMEWORK_HEADER = YES;
				CLANG_WARN_RANGE_LOOP_ANALYSIS = YES;
				CLANG_WARN_STRICT_PROTOTYPES = YES;
				CLANG_WARN_SUSPICIOUS_MOVE = YES;
				CLANG_WARN_UNGUARDED_AVAILABILITY = YES_AGGRESSIVE;
				CLANG_WARN_UNREACHABLE_CODE = YES;
				CLANG_WARN__DUPLICATE_METHOD_MATCH = YES;
				COPY_PHASE_STRIP = NO;
				DEBUG_INFORMATION_FORMAT = "dwarf-with-dsym";
				ENABLE_NS_ASSERTIONS = NO;
				ENABLE_STRICT_OBJC_MSGSEND = YES;
				GCC_C_LANGUAGE_STANDARD = gnu11;
				GCC_NO_COMMON_BLOCKS = YES;
				GCC_WARN_64_TO_32_BIT_CONVERSION = YES;
				GCC_WARN_ABOUT_RETURN_TYPE = YES_ERROR;
				GCC_WARN_UNDECLARED_SELECTOR = YES;
				GCC_WARN_UNINITIALIZED_AUTOS = YES_AGGRESSIVE;
				GCC_WARN_UNUSED_FUNCTION = YES;
				GCC_WARN_UNUSED_VARIABLE = YES;
				IPHONEOS_DEPLOYMENT_TARGET = 13.0;
				MTL_ENABLE_DEBUG_INFO = NO;
				MTL_FAST_MATH = YES;
				SDKROOT = iphoneos;
				SWIFT_COMPILATION_MODE = wholemodule;
				SWIFT_OPTIMIZATION_LEVEL = "-O";
				VALIDATE_PRODUCT = YES;
			};
			name = Release;
		};
		C6A56C9626607497004A4C72 /* Debug */ = {
			isa = XCBuildConfiguration;
			baseConfigurationReference = C9760DE28965A23CF591AAAF /* Pods-Ippitsu.debug.xcconfig */;
			buildSettings = {
				ASSETCATALOG_COMPILER_APPICON_NAME = AppIcon;
				ASSETCATALOG_COMPILER_GLOBAL_ACCENT_COLOR_NAME = AccentColor;
				CODE_SIGN_STYLE = Automatic;
				DEVELOPMENT_TEAM = 4R8Q2FT93Z;
				INFOPLIST_FILE = Ippitsu/Info.plist;
				LD_RUNPATH_SEARCH_PATHS = (
					"$(inherited)",
					"@executable_path/Frameworks",
				);
				PRODUCT_BUNDLE_IDENTIFIER = jp.techacademy.tetsuya.karatsu.Ippitsu;
				PRODUCT_NAME = "$(TARGET_NAME)";
				SWIFT_VERSION = 5.0;
				TARGETED_DEVICE_FAMILY = 1;
			};
			name = Debug;
		};
		C6A56C9726607497004A4C72 /* Release */ = {
			isa = XCBuildConfiguration;
			baseConfigurationReference = 42C1AA7310F901246B7A2DBB /* Pods-Ippitsu.release.xcconfig */;
			buildSettings = {
				ASSETCATALOG_COMPILER_APPICON_NAME = AppIcon;
				ASSETCATALOG_COMPILER_GLOBAL_ACCENT_COLOR_NAME = AccentColor;
				CODE_SIGN_STYLE = Automatic;
				DEVELOPMENT_TEAM = 4R8Q2FT93Z;
				INFOPLIST_FILE = Ippitsu/Info.plist;
				LD_RUNPATH_SEARCH_PATHS = (
					"$(inherited)",
					"@executable_path/Frameworks",
				);
				PRODUCT_BUNDLE_IDENTIFIER = jp.techacademy.tetsuya.karatsu.Ippitsu;
				PRODUCT_NAME = "$(TARGET_NAME)";
				SWIFT_VERSION = 5.0;
				TARGETED_DEVICE_FAMILY = 1;
			};
			name = Release;
		};
/* End XCBuildConfiguration section */

/* Begin XCConfigurationList section */
		C6A56C7C26607496004A4C72 /* Build configuration list for PBXProject "Ippitsu" */ = {
			isa = XCConfigurationList;
			buildConfigurations = (
				C6A56C9326607497004A4C72 /* Debug */,
				C6A56C9426607497004A4C72 /* Release */,
			);
			defaultConfigurationIsVisible = 0;
			defaultConfigurationName = Release;
		};
		C6A56C9526607497004A4C72 /* Build configuration list for PBXNativeTarget "Ippitsu" */ = {
			isa = XCConfigurationList;
			buildConfigurations = (
				C6A56C9626607497004A4C72 /* Debug */,
				C6A56C9726607497004A4C72 /* Release */,
			);
			defaultConfigurationIsVisible = 0;
			defaultConfigurationName = Release;
		};
/* End XCConfigurationList section */
	};
	rootObject = C6A56C7926607496004A4C72 /* Project object */;
}
